
Microsoft Visual Studio Solution File, Format Version 12.00
# Visual Studio Version 16
VisualStudioVersion = 16.0.32106.194
MinimumVisualStudioVersion = 10.0.40219.1
Project("{FAE04EC0-301F-11D3-BF4B-00C04F79EFBC}") = "PhoneShop.Models", "PhoneShop.Models\PhoneShop.Models.csproj", "{B8520E55-9787-4D26-95D9-9F2C08E5F62B}"
EndProject
Project("{FAE04EC0-301F-11D3-BF4B-00C04F79EFBC}") = "PhoneShop.Repository", "PhoneShop.Repository\PhoneShop.Repository.csproj", "{DD2C7723-0F81-4F78-BFAA-9FF63DB9DFE2}"
EndProject
Project("{FAE04EC0-301F-11D3-BF4B-00C04F79EFBC}") = "PhoneShop.Tests", "PhoneShop.Tests\PhoneShop.Tests.csproj", "{D9A5F595-8015-42E1-AB52-620E83DE8F6C}"
EndProject
Project("{FAE04EC0-301F-11D3-BF4B-00C04F79EFBC}") = "PhoneShop.Service", "PhoneShop.Service\PhoneShop.Service.csproj", "{C1D64114-AB0D-4A0B-839F-DE120B2E7EB9}"
EndProject
Global
	GlobalSection(SolutionConfigurationPlatforms) = preSolution
		Debug|Any CPU = Debug|Any CPU
		Release|Any CPU = Release|Any CPU
	EndGlobalSection
	GlobalSection(ProjectConfigurationPlatforms) = postSolution
		{B8520E55-9787-4D26-95D9-9F2C08E5F62B}.Debug|Any CPU.ActiveCfg = Debug|Any CPU
		{B8520E55-9787-4D26-95D9-9F2C08E5F62B}.Debug|Any CPU.Build.0 = Debug|Any CPU
		{B8520E55-9787-4D26-95D9-9F2C08E5F62B}.Release|Any CPU.ActiveCfg = Release|Any CPU
		{B8520E55-9787-4D26-95D9-9F2C08E5F62B}.Release|Any CPU.Build.0 = Release|Any CPU
		{DD2C7723-0F81-4F78-BFAA-9FF63DB9DFE2}.Debug|Any CPU.ActiveCfg = Debug|Any CPU
		{DD2C7723-0F81-4F78-BFAA-9FF63DB9DFE2}.Debug|Any CPU.Build.0 = Debug|Any CPU
		{DD2C7723-0F81-4F78-BFAA-9FF63DB9DFE2}.Release|Any CPU.ActiveCfg = Release|Any CPU
		{DD2C7723-0F81-4F78-BFAA-9FF63DB9DFE2}.Release|Any CPU.Build.0 = Release|Any CPU
		{D9A5F595-8015-42E1-AB52-620E83DE8F6C}.Debug|Any CPU.ActiveCfg = Debug|Any CPU
		{D9A5F595-8015-42E1-AB52-620E83DE8F6C}.Debug|Any CPU.Build.0 = Debug|Any CPU
		{D9A5F595-8015-42E1-AB52-620E83DE8F6C}.Release|Any CPU.ActiveCfg = Release|Any CPU
		{D9A5F595-8015-42E1-AB52-620E83DE8F6C}.Release|Any CPU.Build.0 = Release|Any CPU
		{C1D64114-AB0D-4A0B-839F-DE120B2E7EB9}.Debug|Any CPU.ActiveCfg = Debug|Any CPU
		{C1D64114-AB0D-4A0B-839F-DE120B2E7EB9}.Debug|Any CPU.Build.0 = Debug|Any CPU
		{C1D64114-AB0D-4A0B-839F-DE120B2E7EB9}.Release|Any CPU.ActiveCfg = Release|Any CPU
		{C1D64114-AB0D-4A0B-839F-DE120B2E7EB9}.Release|Any CPU.Build.0 = Release|Any CPU
	EndGlobalSection
	GlobalSection(SolutionProperties) = preSolution
		HideSolutionNode = FALSE
	EndGlobalSection
	GlobalSection(ExtensibilityGlobals) = postSolution
		SolutionGuid = {842CDAF0-62B6-4030-BD34-4B09577853E5}
	EndGlobalSection
EndGlobal
